
Microsoft Visual Studio Solution File, Format Version 12.00
# Visual Studio Version 17
VisualStudioVersion = 17.4.33205.214
MinimumVisualStudioVersion = 10.0.40219.1
Project("{2150E333-8FDC-42A3-9474-1A3956D46DE8}") = "FrondEnd_old", "FrondEnd_old", "{BC88754B-A9B3-430D-9445-DB1B3E5878F2}"
EndProject
Project("{2150E333-8FDC-42A3-9474-1A3956D46DE8}") = "Services", "Services", "{10D86B27-3060-46B2-ABF8-5585FE87633A}"
EndProject
Project("{9A19103F-16F7-4668-BE54-9A1E7A4F7556}") = "ShoppingNerdAPI", "ShoppingNerdAPI\ShoppingNerdAPI.csproj", "{CC5F7A44-E7EA-40AF-93E8-8543DDCB49E7}"
EndProject
Project("{9A19103F-16F7-4668-BE54-9A1E7A4F7556}") = "ShoppingNerd.Web", "ShoppingNerd.Web\ShoppingNerd.Web\ShoppingNerd.Web.csproj", "{85BA36CA-282F-4A8B-AB2A-F02944C11529}"
EndProject
Project("{2150E333-8FDC-42A3-9474-1A3956D46DE8}") = "NerdShopping", "NerdShopping", "{1390339F-F312-4266-95D9-3FE1D3BD2289}"
EndProject
Project("{9A19103F-16F7-4668-BE54-9A1E7A4F7556}") = "NerdShopping", "..\NerdShopping\NerdShopping.csproj", "{ED1FA2EB-BAE3-45D3-B270-DCFD15948CE3}"
EndProject
Project("{FAE04EC0-301F-11D3-BF4B-00C04F79EFBC}") = "NerdShopping.IdentityServer", "NerdShopping.IdentityServer\NerdShopping.IdentityServer.csproj", "{A29D9AD8-7AF4-4BEC-8880-757E21B4F485}"
EndProject
Global
	GlobalSection(SolutionConfigurationPlatforms) = preSolution
		Debug|Any CPU = Debug|Any CPU
		Release|Any CPU = Release|Any CPU
	EndGlobalSection
	GlobalSection(ProjectConfigurationPlatforms) = postSolution
		{CC5F7A44-E7EA-40AF-93E8-8543DDCB49E7}.Debug|Any CPU.ActiveCfg = Debug|Any CPU
		{CC5F7A44-E7EA-40AF-93E8-8543DDCB49E7}.Debug|Any CPU.Build.0 = Debug|Any CPU
		{CC5F7A44-E7EA-40AF-93E8-8543DDCB49E7}.Release|Any CPU.ActiveCfg = Release|Any CPU
		{CC5F7A44-E7EA-40AF-93E8-8543DDCB49E7}.Release|Any CPU.Build.0 = Release|Any CPU
		{85BA36CA-282F-4A8B-AB2A-F02944C11529}.Debug|Any CPU.ActiveCfg = Debug|Any CPU
		{85BA36CA-282F-4A8B-AB2A-F02944C11529}.Debug|Any CPU.Build.0 = Debug|Any CPU
		{85BA36CA-282F-4A8B-AB2A-F02944C11529}.Release|Any CPU.ActiveCfg = Release|Any CPU
		{85BA36CA-282F-4A8B-AB2A-F02944C11529}.Release|Any CPU.Build.0 = Release|Any CPU
		{ED1FA2EB-BAE3-45D3-B270-DCFD15948CE3}.Debug|Any CPU.ActiveCfg = Debug|Any CPU
		{ED1FA2EB-BAE3-45D3-B270-DCFD15948CE3}.Debug|Any CPU.Build.0 = Debug|Any CPU
		{ED1FA2EB-BAE3-45D3-B270-DCFD15948CE3}.Release|Any CPU.ActiveCfg = Release|Any CPU
		{ED1FA2EB-BAE3-45D3-B270-DCFD15948CE3}.Release|Any CPU.Build.0 = Release|Any CPU
		{A29D9AD8-7AF4-4BEC-8880-757E21B4F485}.Debug|Any CPU.ActiveCfg = Debug|Any CPU
		{A29D9AD8-7AF4-4BEC-8880-757E21B4F485}.Debug|Any CPU.Build.0 = Debug|Any CPU
		{A29D9AD8-7AF4-4BEC-8880-757E21B4F485}.Release|Any CPU.ActiveCfg = Release|Any CPU
		{A29D9AD8-7AF4-4BEC-8880-757E21B4F485}.Release|Any CPU.Build.0 = Release|Any CPU
	EndGlobalSection
	GlobalSection(SolutionProperties) = preSolution
		HideSolutionNode = FALSE
	EndGlobalSection
	GlobalSection(NestedProjects) = preSolution
		{CC5F7A44-E7EA-40AF-93E8-8543DDCB49E7} = {10D86B27-3060-46B2-ABF8-5585FE87633A}
		{85BA36CA-282F-4A8B-AB2A-F02944C11529} = {BC88754B-A9B3-430D-9445-DB1B3E5878F2}
		{ED1FA2EB-BAE3-45D3-B270-DCFD15948CE3} = {1390339F-F312-4266-95D9-3FE1D3BD2289}
		{A29D9AD8-7AF4-4BEC-8880-757E21B4F485} = {10D86B27-3060-46B2-ABF8-5585FE87633A}
	EndGlobalSection
	GlobalSection(ExtensibilityGlobals) = postSolution
		SolutionGuid = {28E18C5A-D58C-4AB0-B6C2-18A7CD53095C}
	EndGlobalSection
EndGlobal
